{
  "name": "webecon",
  "version": "17.2.7",
  "lockfileVersion": 3,
  "requires": true,
  "packages": {
    "": {
      "name": "webecon",
      "version": "17.2.7",
      "license": "MIT",
      "dependencies": {
        "webecon": "^17.2.7"
      },
      "peerDependencies": {
        "react": ">=16.8.0",
        "react-dom": ">=16.8.0"
      },
      "peerDependenciesMeta": {
        "react": {
          "optional": true
        },
        "react-dom": {
          "optional": true
        }
      }
    },
    "node_modules/webecon": {
      "version": "17.2.7",
      "resolved": "https://registry.npmjs.org/webecon/-/webecon-17.2.7.tgz",
      "integrity": "sha512-V1RtAQ+fIIDbohaOjHagvIvJ5VnDzcBLLWSGa5dPp4PA6Q7ypRsz1gElsxdeCzwKM+EBmd5qmjx272xiVZ3VOQ==",
      "license": "MIT",
      "peerDependencies": {
        "react": ">=16.8.0",
        "react-dom": ">=16.8.0"
      },
      "peerDependenciesMeta": {
        "react": {
          "optional": true
        },
        "react-dom": {
          "optional": true
        }
      }
    }
  }
}
